<?xml version="1.0" encoding="utf-8"?>
<Project ToolsVersion="4.0" xmlns="http://schemas.microsoft.com/developer/msbuild/2003">
  <ItemGroup>
    <ClCompile Include="sqlite\shell.c">
      <Filter>db\sqlite</Filter>
    </ClCompile>
    <ClCompile Include="sqlite\sqlite3.c">
      <Filter>db\sqlite</Filter>
    </ClCompile>
    <ClCompile Include="fsutil.cpp" />
    <ClCompile Include="ProFile.cpp" />
    <ClCompile Include="fsdlg.cpp" />
    <ClCompile Include="Path.cpp" />
    <ClCompile Include="SQLiteDB.cpp">
      <Filter>db</Filter>
    </ClCompile>
    <ClCompile Include="mtutil.cpp" />
    <ClCompile Include="winfsutil.cpp" />
    <ClCompile Include="wintimer.cpp" />
    <ClCompile Include="tmutil.cpp" />
    <ClCompile Include="wsutil.cpp" />
  </ItemGroup>
  <ItemGroup>
    <ClInclude Include="sqlite\sqlite3.h">
      <Filter>db\sqlite</Filter>
    </ClInclude>
    <ClInclude Include="sqlite\sqlite3ext.h">
      <Filter>db\sqlite</Filter>
    </ClInclude>
    <ClInclude Include="..\..\inc\util\mtutil.h" />
    <ClInclude Include="..\..\inc\util\wintimer.h" />
    <ClInclude Include="..\..\inc\util\winfsutil.h" />
    <ClInclude Include="..\..\inc\util\util.h" />
    <ClInclude Include="..\..\inc\util\ProFile.h" />
    <ClInclude Include="..\..\inc\util\Path.h" />
    <ClInclude Include="..\..\inc\util\fsutil.h" />
    <ClInclude Include="..\..\inc\util\fsdlg.h" />
    <ClInclude Include="..\..\inc\util\IDB.h">
      <Filter>db</Filter>
    </ClInclude>
    <ClInclude Include="..\..\inc\util\SQLiteDB.h">
      <Filter>db</Filter>
    </ClInclude>
    <ClInclude Include="..\..\inc\sstl\_check.h">
      <Filter>sstl</Filter>
    </ClInclude>
    <ClInclude Include="..\..\inc\sstl\_define.h">
      <Filter>sstl</Filter>
    </ClInclude>
    <ClInclude Include="..\..\inc\sstl\_util.h">
      <Filter>sstl</Filter>
    </ClInclude>
    <ClInclude Include="..\..\inc\sstl\ArrList.h">
      <Filter>sstl</Filter>
    </ClInclude>
    <ClInclude Include="..\..\inc\sstl\PairList.h">
      <Filter>sstl</Filter>
    </ClInclude>
    <ClInclude Include="..\..\inc\sstl\PtrArray.h">
      <Filter>sstl</Filter>
    </ClInclude>
    <ClInclude Include="..\..\inc\sstl\ptrcontainer.h">
      <Filter>sstl</Filter>
    </ClInclude>
    <ClInclude Include="..\..\inc\sstl\SArray.h">
      <Filter>sstl</Filter>
    </ClInclude>
    <ClInclude Include="..\..\inc\sstl\SContainer.h">
      <Filter>sstl</Filter>
    </ClInclude>
    <ClInclude Include="..\..\inc\sstl\SList.h">
      <Filter>sstl</Filter>
    </ClInclude>
    <ClInclude Include="..\..\inc\sstl\SMap.h">
      <Filter>sstl</Filter>
    </ClInclude>
    <ClInclude Include="..\..\inc\sstl\SSet.h">
      <Filter>sstl</Filter>
    </ClInclude>
    <ClInclude Include="..\..\inc\sstl\sstl.h">
      <Filter>sstl</Filter>
    </ClInclude>
    <ClInclude Include="..\..\inc\util\tmutil.h" />
    <ClInclude Include="..\..\inc\util\wsutil.h" />
  </ItemGroup>
  <ItemGroup>
    <Filter Include="db">
      <UniqueIdentifier>{a2a1a09e-7b50-44c1-b95e-c06d1392c098}</UniqueIdentifier>
    </Filter>
    <Filter Include="db\sqlite">
      <UniqueIdentifier>{306da33b-f8ab-4908-8815-34bdc8709607}</UniqueIdentifier>
    </Filter>
    <Filter Include="sstl">
      <UniqueIdentifier>{6aae0b5e-872e-4adb-8ed6-f60039352119}</UniqueIdentifier>
    </Filter>
  </ItemGroup>
</Project>