<?xml version="1.0" encoding="utf-8"?>
<Project ToolsVersion="4.0" xmlns="http://schemas.microsoft.com/developer/msbuild/2003">
  <ItemGroup>
    <Filter Include="src">
      <UniqueIdentifier>{36d43836-b61f-4f01-9c8a-546fbb266e36}</UniqueIdentifier>
    </Filter>
    <Filter Include="src\app">
      <UniqueIdentifier>{b801be60-58f7-459e-a3fd-87f05456e824}</UniqueIdentifier>
    </Filter>
    <Filter Include="src\ctrl">
      <UniqueIdentifier>{2eb6db22-bf61-4127-a54f-f4e4161d7346}</UniqueIdentifier>
    </Filter>
  </ItemGroup>
  <ItemGroup>
    <ClCompile Include="stdafx.cpp" />
    <ClCompile Include="src\App.cpp">
      <Filter>src\app</Filter>
    </ClCompile>
    <ClCompile Include="src\DockView.cpp">
      <Filter>src\app</Filter>
    </ClCompile>
    <ClCompile Include="src\MainWnd.cpp">
      <Filter>src\app</Filter>
    </ClCompile>
    <ClCompile Include="src\Page.cpp">
      <Filter>src\app</Filter>
    </ClCompile>
    <ClCompile Include="src\img.cpp">
      <Filter>src\ctrl</Filter>
    </ClCompile>
    <ClCompile Include="src\ListCtrl.cpp">
      <Filter>src\ctrl</Filter>
    </ClCompile>
    <ClCompile Include="src\PathCtrl.cpp">
      <Filter>src\ctrl</Filter>
    </ClCompile>
    <ClCompile Include="src\TreeCtrl.cpp">
      <Filter>src\ctrl</Filter>
    </ClCompile>
    <ClCompile Include="src\ProgressDlg.cpp">
      <Filter>src</Filter>
    </ClCompile>
    <ClCompile Include="src\Guard.cpp">
      <Filter>src</Filter>
    </ClCompile>
    <ClCompile Include="src\ResModule.cpp">
      <Filter>src\app</Filter>
    </ClCompile>
    <ClCompile Include="src\DragDrop.cpp">
      <Filter>src\ctrl</Filter>
    </ClCompile>
  </ItemGroup>
  <ItemGroup>
    <ClInclude Include="resource.h" />
    <ClInclude Include="stdafx.h" />
    <ClInclude Include="..\..\inc\Common\TreeCtrl.h">
      <Filter>src\ctrl</Filter>
    </ClInclude>
    <ClInclude Include="..\..\inc\Common\PathCtrl.h">
      <Filter>src\ctrl</Filter>
    </ClInclude>
    <ClInclude Include="..\..\inc\Common\ListCtrl.h">
      <Filter>src\ctrl</Filter>
    </ClInclude>
    <ClInclude Include="..\..\inc\Common\img.h">
      <Filter>src\ctrl</Filter>
    </ClInclude>
    <ClInclude Include="..\..\inc\Common\DragDrop.h">
      <Filter>src\ctrl</Filter>
    </ClInclude>
    <ClInclude Include="..\..\inc\Common\CDispatch.h">
      <Filter>src</Filter>
    </ClInclude>
    <ClInclude Include="..\..\inc\Common\Common.h">
      <Filter>src</Filter>
    </ClInclude>
    <ClInclude Include="..\..\inc\Common\Guard.h">
      <Filter>src</Filter>
    </ClInclude>
    <ClInclude Include="..\..\inc\Common\ProgressDlg.h">
      <Filter>src</Filter>
    </ClInclude>
    <ClInclude Include="..\..\inc\Common\App.h">
      <Filter>src\app</Filter>
    </ClInclude>
    <ClInclude Include="..\..\inc\Common\DockView.h">
      <Filter>src\app</Filter>
    </ClInclude>
    <ClInclude Include="..\..\inc\Common\Page.h">
      <Filter>src\app</Filter>
    </ClInclude>
    <ClInclude Include="..\..\inc\Common\ModuleApp.h">
      <Filter>src\app</Filter>
    </ClInclude>
    <ClInclude Include="..\..\inc\Common\MainWnd.h">
      <Filter>src\app</Filter>
    </ClInclude>
    <ClInclude Include="..\..\inc\Common\TDialog.h">
      <Filter>src</Filter>
    </ClInclude>
  </ItemGroup>
  <ItemGroup>
    <ResourceCompile Include="Common.rc" />
  </ItemGroup>
  <ItemGroup>
    <Image Include="res\PathTree_State.bmp" />
    <Image Include="res\PathTree_Normal.bmp" />
    <Image Include="res\PathTree_Small.bmp" />
  </ItemGroup>
</Project>